
Microsoft Visual Studio Solution File, Format Version 12.00
# Visual Studio Version 16
VisualStudioVersion = 16.0.30804.86
MinimumVisualStudioVersion = 10.0.40219.1
Project("{8BC9CEB8-8B4A-11D0-8D11-00A0C91BC942}") = "ovUtilities", "ovUtilities\ovUtilities.vcxproj", "{6BB1CFF8-8BC6-4731-A4DF-D74B0F84EA4C}"
EndProject
Project("{8BC9CEB8-8B4A-11D0-8D11-00A0C91BC942}") = "ovUtilities_UnitTest", "ovUtilities_UnitTest\ovUtilities_UnitTest.vcxproj", "{BC02E159-5A39-4F66-9D4E-4958413E4119}"
	ProjectSection(ProjectDependencies) = postProject
		{6BB1CFF8-8BC6-4731-A4DF-D74B0F84EA4C} = {6BB1CFF8-8BC6-4731-A4DF-D74B0F84EA4C}
	EndProjectSection
EndProject
Project("{8BC9CEB8-8B4A-11D0-8D11-00A0C91BC942}") = "ovCore", "ovCore\ovCore.vcxproj", "{C40C20AC-4BD0-45CB-8ED7-F2208715FF16}"
	ProjectSection(ProjectDependencies) = postProject
		{6BB1CFF8-8BC6-4731-A4DF-D74B0F84EA4C} = {6BB1CFF8-8BC6-4731-A4DF-D74B0F84EA4C}
	EndProjectSection
EndProject
Project("{8BC9CEB8-8B4A-11D0-8D11-00A0C91BC942}") = "ovDXGraphics", "ovDXGraphics\ovDXGraphics.vcxproj", "{9E192CF1-AB5F-4C42-810A-C78AB9049875}"
	ProjectSection(ProjectDependencies) = postProject
		{C40C20AC-4BD0-45CB-8ED7-F2208715FF16} = {C40C20AC-4BD0-45CB-8ED7-F2208715FF16}
		{6BB1CFF8-8BC6-4731-A4DF-D74B0F84EA4C} = {6BB1CFF8-8BC6-4731-A4DF-D74B0F84EA4C}
	EndProjectSection
EndProject
Project("{8BC9CEB8-8B4A-11D0-8D11-00A0C91BC942}") = "ovOGLGraphics", "ovOGLGraphics\ovOGLGraphics.vcxproj", "{87AD860A-70E3-4416-8C7F-95B99582BF4B}"
	ProjectSection(ProjectDependencies) = postProject
		{C40C20AC-4BD0-45CB-8ED7-F2208715FF16} = {C40C20AC-4BD0-45CB-8ED7-F2208715FF16}
		{6BB1CFF8-8BC6-4731-A4DF-D74B0F84EA4C} = {6BB1CFF8-8BC6-4731-A4DF-D74B0F84EA4C}
	EndProjectSection
EndProject
Project("{8BC9CEB8-8B4A-11D0-8D11-00A0C91BC942}") = "ovCore_UnitTest", "ovCore_UnitTest\ovCore_UnitTest.vcxproj", "{8976DE60-EA90-477D-AEA9-552634C3E51D}"
	ProjectSection(ProjectDependencies) = postProject
		{5EC7C796-CBA1-47C6-84C4-52C004C2178A} = {5EC7C796-CBA1-47C6-84C4-52C004C2178A}
		{C40C20AC-4BD0-45CB-8ED7-F2208715FF16} = {C40C20AC-4BD0-45CB-8ED7-F2208715FF16}
		{9E192CF1-AB5F-4C42-810A-C78AB9049875} = {9E192CF1-AB5F-4C42-810A-C78AB9049875}
		{6BB1CFF8-8BC6-4731-A4DF-D74B0F84EA4C} = {6BB1CFF8-8BC6-4731-A4DF-D74B0F84EA4C}
	EndProjectSection
EndProject
Project("{8BC9CEB8-8B4A-11D0-8D11-00A0C91BC942}") = "ovRenderer", "ovRenderer\ovRenderer.vcxproj", "{5EC7C796-CBA1-47C6-84C4-52C004C2178A}"
	ProjectSection(ProjectDependencies) = postProject
		{C40C20AC-4BD0-45CB-8ED7-F2208715FF16} = {C40C20AC-4BD0-45CB-8ED7-F2208715FF16}
		{9E192CF1-AB5F-4C42-810A-C78AB9049875} = {9E192CF1-AB5F-4C42-810A-C78AB9049875}
	EndProjectSection
EndProject
Project("{8BC9CEB8-8B4A-11D0-8D11-00A0C91BC942}") = "ovInputManagerOIS", "ovInputManagerOIS\ovInputManagerOIS.vcxproj", "{E2C3CB69-BE9C-4C34-85CB-2CD5240AFAD4}"
	ProjectSection(ProjectDependencies) = postProject
		{C40C20AC-4BD0-45CB-8ED7-F2208715FF16} = {C40C20AC-4BD0-45CB-8ED7-F2208715FF16}
		{6BB1CFF8-8BC6-4731-A4DF-D74B0F84EA4C} = {6BB1CFF8-8BC6-4731-A4DF-D74B0F84EA4C}
	EndProjectSection
EndProject
Project("{8BC9CEB8-8B4A-11D0-8D11-00A0C91BC942}") = "ovOmniverse", "ovOmniverse\ovOmniverse.vcxproj", "{F29B1B0B-6AAA-4711-8D35-5FEAE6068CB2}"
	ProjectSection(ProjectDependencies) = postProject
		{C40C20AC-4BD0-45CB-8ED7-F2208715FF16} = {C40C20AC-4BD0-45CB-8ED7-F2208715FF16}
	EndProjectSection
EndProject
Global
	GlobalSection(SolutionConfigurationPlatforms) = preSolution
		Debug_DLL|x64 = Debug_DLL|x64
		Debug_DLL|x86 = Debug_DLL|x86
		Debug|x64 = Debug|x64
		Debug|x86 = Debug|x86
		Release_DLL|x64 = Release_DLL|x64
		Release_DLL|x86 = Release_DLL|x86
		Release|x64 = Release|x64
		Release|x86 = Release|x86
	EndGlobalSection
	GlobalSection(ProjectConfigurationPlatforms) = postSolution
		{6BB1CFF8-8BC6-4731-A4DF-D74B0F84EA4C}.Debug_DLL|x64.ActiveCfg = Debug_DLL|x64
		{6BB1CFF8-8BC6-4731-A4DF-D74B0F84EA4C}.Debug_DLL|x64.Build.0 = Debug_DLL|x64
		{6BB1CFF8-8BC6-4731-A4DF-D74B0F84EA4C}.Debug_DLL|x86.ActiveCfg = Debug_DLL|Win32
		{6BB1CFF8-8BC6-4731-A4DF-D74B0F84EA4C}.Debug_DLL|x86.Build.0 = Debug_DLL|Win32
		{6BB1CFF8-8BC6-4731-A4DF-D74B0F84EA4C}.Debug|x64.ActiveCfg = Debug_DLL|x64
		{6BB1CFF8-8BC6-4731-A4DF-D74B0F84EA4C}.Debug|x64.Build.0 = Debug_DLL|x64
		{6BB1CFF8-8BC6-4731-A4DF-D74B0F84EA4C}.Debug|x86.ActiveCfg = Debug_DLL|Win32
		{6BB1CFF8-8BC6-4731-A4DF-D74B0F84EA4C}.Debug|x86.Build.0 = Debug_DLL|Win32
		{6BB1CFF8-8BC6-4731-A4DF-D74B0F84EA4C}.Release_DLL|x64.ActiveCfg = Release_DLL|x64
		{6BB1CFF8-8BC6-4731-A4DF-D74B0F84EA4C}.Release_DLL|x64.Build.0 = Release_DLL|x64
		{6BB1CFF8-8BC6-4731-A4DF-D74B0F84EA4C}.Release_DLL|x86.ActiveCfg = Release_DLL|Win32
		{6BB1CFF8-8BC6-4731-A4DF-D74B0F84EA4C}.Release_DLL|x86.Build.0 = Release_DLL|Win32
		{6BB1CFF8-8BC6-4731-A4DF-D74B0F84EA4C}.Release|x64.ActiveCfg = Release_DLL|x64
		{6BB1CFF8-8BC6-4731-A4DF-D74B0F84EA4C}.Release|x64.Build.0 = Release_DLL|x64
		{6BB1CFF8-8BC6-4731-A4DF-D74B0F84EA4C}.Release|x86.ActiveCfg = Release_DLL|Win32
		{6BB1CFF8-8BC6-4731-A4DF-D74B0F84EA4C}.Release|x86.Build.0 = Release_DLL|Win32
		{BC02E159-5A39-4F66-9D4E-4958413E4119}.Debug_DLL|x64.ActiveCfg = Debug|x64
		{BC02E159-5A39-4F66-9D4E-4958413E4119}.Debug_DLL|x64.Build.0 = Debug|x64
		{BC02E159-5A39-4F66-9D4E-4958413E4119}.Debug_DLL|x86.ActiveCfg = Debug|Win32
		{BC02E159-5A39-4F66-9D4E-4958413E4119}.Debug_DLL|x86.Build.0 = Debug|Win32
		{BC02E159-5A39-4F66-9D4E-4958413E4119}.Debug|x64.ActiveCfg = Debug|x64
		{BC02E159-5A39-4F66-9D4E-4958413E4119}.Debug|x64.Build.0 = Debug|x64
		{BC02E159-5A39-4F66-9D4E-4958413E4119}.Debug|x86.ActiveCfg = Debug|Win32
		{BC02E159-5A39-4F66-9D4E-4958413E4119}.Debug|x86.Build.0 = Debug|Win32
		{BC02E159-5A39-4F66-9D4E-4958413E4119}.Release_DLL|x64.ActiveCfg = Release|x64
		{BC02E159-5A39-4F66-9D4E-4958413E4119}.Release_DLL|x64.Build.0 = Release|x64
		{BC02E159-5A39-4F66-9D4E-4958413E4119}.Release_DLL|x86.ActiveCfg = Release|Win32
		{BC02E159-5A39-4F66-9D4E-4958413E4119}.Release_DLL|x86.Build.0 = Release|Win32
		{BC02E159-5A39-4F66-9D4E-4958413E4119}.Release|x64.ActiveCfg = Release|x64
		{BC02E159-5A39-4F66-9D4E-4958413E4119}.Release|x64.Build.0 = Release|x64
		{BC02E159-5A39-4F66-9D4E-4958413E4119}.Release|x86.ActiveCfg = Release|Win32
		{BC02E159-5A39-4F66-9D4E-4958413E4119}.Release|x86.Build.0 = Release|Win32
		{C40C20AC-4BD0-45CB-8ED7-F2208715FF16}.Debug_DLL|x64.ActiveCfg = Debug_DLL|x64
		{C40C20AC-4BD0-45CB-8ED7-F2208715FF16}.Debug_DLL|x64.Build.0 = Debug_DLL|x64
		{C40C20AC-4BD0-45CB-8ED7-F2208715FF16}.Debug_DLL|x86.ActiveCfg = Debug_DLL|Win32
		{C40C20AC-4BD0-45CB-8ED7-F2208715FF16}.Debug_DLL|x86.Build.0 = Debug_DLL|Win32
		{C40C20AC-4BD0-45CB-8ED7-F2208715FF16}.Debug|x64.ActiveCfg = Debug_DLL|x64
		{C40C20AC-4BD0-45CB-8ED7-F2208715FF16}.Debug|x64.Build.0 = Debug_DLL|x64
		{C40C20AC-4BD0-45CB-8ED7-F2208715FF16}.Debug|x86.ActiveCfg = Debug_DLL|Win32
		{C40C20AC-4BD0-45CB-8ED7-F2208715FF16}.Debug|x86.Build.0 = Debug_DLL|Win32
		{C40C20AC-4BD0-45CB-8ED7-F2208715FF16}.Release_DLL|x64.ActiveCfg = Release_DLL|x64
		{C40C20AC-4BD0-45CB-8ED7-F2208715FF16}.Release_DLL|x64.Build.0 = Release_DLL|x64
		{C40C20AC-4BD0-45CB-8ED7-F2208715FF16}.Release_DLL|x86.ActiveCfg = Release_DLL|Win32
		{C40C20AC-4BD0-45CB-8ED7-F2208715FF16}.Release_DLL|x86.Build.0 = Release_DLL|Win32
		{C40C20AC-4BD0-45CB-8ED7-F2208715FF16}.Release|x64.ActiveCfg = Release_DLL|x64
		{C40C20AC-4BD0-45CB-8ED7-F2208715FF16}.Release|x64.Build.0 = Release_DLL|x64
		{C40C20AC-4BD0-45CB-8ED7-F2208715FF16}.Release|x86.ActiveCfg = Release_DLL|Win32
		{C40C20AC-4BD0-45CB-8ED7-F2208715FF16}.Release|x86.Build.0 = Release_DLL|Win32
		{9E192CF1-AB5F-4C42-810A-C78AB9049875}.Debug_DLL|x64.ActiveCfg = Debug_DLL|x64
		{9E192CF1-AB5F-4C42-810A-C78AB9049875}.Debug_DLL|x64.Build.0 = Debug_DLL|x64
		{9E192CF1-AB5F-4C42-810A-C78AB9049875}.Debug_DLL|x86.ActiveCfg = Debug_DLL|Win32
		{9E192CF1-AB5F-4C42-810A-C78AB9049875}.Debug_DLL|x86.Build.0 = Debug_DLL|Win32
		{9E192CF1-AB5F-4C42-810A-C78AB9049875}.Debug|x64.ActiveCfg = Debug_DLL|x64
		{9E192CF1-AB5F-4C42-810A-C78AB9049875}.Debug|x64.Build.0 = Debug_DLL|x64
		{9E192CF1-AB5F-4C42-810A-C78AB9049875}.Debug|x86.ActiveCfg = Debug_DLL|Win32
		{9E192CF1-AB5F-4C42-810A-C78AB9049875}.Debug|x86.Build.0 = Debug_DLL|Win32
		{9E192CF1-AB5F-4C42-810A-C78AB9049875}.Release_DLL|x64.ActiveCfg = Release_DLL|x64
		{9E192CF1-AB5F-4C42-810A-C78AB9049875}.Release_DLL|x64.Build.0 = Release_DLL|x64
		{9E192CF1-AB5F-4C42-810A-C78AB9049875}.Release_DLL|x86.ActiveCfg = Release_DLL|Win32
		{9E192CF1-AB5F-4C42-810A-C78AB9049875}.Release_DLL|x86.Build.0 = Release_DLL|Win32
		{9E192CF1-AB5F-4C42-810A-C78AB9049875}.Release|x64.ActiveCfg = Release_DLL|x64
		{9E192CF1-AB5F-4C42-810A-C78AB9049875}.Release|x64.Build.0 = Release_DLL|x64
		{9E192CF1-AB5F-4C42-810A-C78AB9049875}.Release|x86.ActiveCfg = Release_DLL|Win32
		{9E192CF1-AB5F-4C42-810A-C78AB9049875}.Release|x86.Build.0 = Release_DLL|Win32
		{87AD860A-70E3-4416-8C7F-95B99582BF4B}.Debug_DLL|x64.ActiveCfg = Debug_DLL|x64
		{87AD860A-70E3-4416-8C7F-95B99582BF4B}.Debug_DLL|x64.Build.0 = Debug_DLL|x64
		{87AD860A-70E3-4416-8C7F-95B99582BF4B}.Debug_DLL|x86.ActiveCfg = Debug_DLL|Win32
		{87AD860A-70E3-4416-8C7F-95B99582BF4B}.Debug_DLL|x86.Build.0 = Debug_DLL|Win32
		{87AD860A-70E3-4416-8C7F-95B99582BF4B}.Debug|x64.ActiveCfg = Debug_DLL|x64
		{87AD860A-70E3-4416-8C7F-95B99582BF4B}.Debug|x64.Build.0 = Debug_DLL|x64
		{87AD860A-70E3-4416-8C7F-95B99582BF4B}.Debug|x86.ActiveCfg = Debug_DLL|Win32
		{87AD860A-70E3-4416-8C7F-95B99582BF4B}.Debug|x86.Build.0 = Debug_DLL|Win32
		{87AD860A-70E3-4416-8C7F-95B99582BF4B}.Release_DLL|x64.ActiveCfg = Release_DLL|x64
		{87AD860A-70E3-4416-8C7F-95B99582BF4B}.Release_DLL|x64.Build.0 = Release_DLL|x64
		{87AD860A-70E3-4416-8C7F-95B99582BF4B}.Release_DLL|x86.ActiveCfg = Release_DLL|Win32
		{87AD860A-70E3-4416-8C7F-95B99582BF4B}.Release_DLL|x86.Build.0 = Release_DLL|Win32
		{87AD860A-70E3-4416-8C7F-95B99582BF4B}.Release|x64.ActiveCfg = Release_DLL|x64
		{87AD860A-70E3-4416-8C7F-95B99582BF4B}.Release|x64.Build.0 = Release_DLL|x64
		{87AD860A-70E3-4416-8C7F-95B99582BF4B}.Release|x86.ActiveCfg = Release_DLL|Win32
		{87AD860A-70E3-4416-8C7F-95B99582BF4B}.Release|x86.Build.0 = Release_DLL|Win32
		{8976DE60-EA90-477D-AEA9-552634C3E51D}.Debug_DLL|x64.ActiveCfg = Debug_DLL|x64
		{8976DE60-EA90-477D-AEA9-552634C3E51D}.Debug_DLL|x64.Build.0 = Debug_DLL|x64
		{8976DE60-EA90-477D-AEA9-552634C3E51D}.Debug_DLL|x86.ActiveCfg = Debug_DLL|Win32
		{8976DE60-EA90-477D-AEA9-552634C3E51D}.Debug_DLL|x86.Build.0 = Debug_DLL|Win32
		{8976DE60-EA90-477D-AEA9-552634C3E51D}.Debug|x64.ActiveCfg = Release_DLL|x64
		{8976DE60-EA90-477D-AEA9-552634C3E51D}.Debug|x64.Build.0 = Release_DLL|x64
		{8976DE60-EA90-477D-AEA9-552634C3E51D}.Debug|x86.ActiveCfg = Debug_DLL|Win32
		{8976DE60-EA90-477D-AEA9-552634C3E51D}.Debug|x86.Build.0 = Debug_DLL|Win32
		{8976DE60-EA90-477D-AEA9-552634C3E51D}.Release_DLL|x64.ActiveCfg = Release_DLL|x64
		{8976DE60-EA90-477D-AEA9-552634C3E51D}.Release_DLL|x64.Build.0 = Release_DLL|x64
		{8976DE60-EA90-477D-AEA9-552634C3E51D}.Release_DLL|x86.ActiveCfg = Release_DLL|Win32
		{8976DE60-EA90-477D-AEA9-552634C3E51D}.Release_DLL|x86.Build.0 = Release_DLL|Win32
		{8976DE60-EA90-477D-AEA9-552634C3E51D}.Release|x64.ActiveCfg = Release_DLL|x64
		{8976DE60-EA90-477D-AEA9-552634C3E51D}.Release|x64.Build.0 = Release_DLL|x64
		{8976DE60-EA90-477D-AEA9-552634C3E51D}.Release|x86.ActiveCfg = Release_DLL|Win32
		{8976DE60-EA90-477D-AEA9-552634C3E51D}.Release|x86.Build.0 = Release_DLL|Win32
		{5EC7C796-CBA1-47C6-84C4-52C004C2178A}.Debug_DLL|x64.ActiveCfg = Debug_DLL|x64
		{5EC7C796-CBA1-47C6-84C4-52C004C2178A}.Debug_DLL|x64.Build.0 = Debug_DLL|x64
		{5EC7C796-CBA1-47C6-84C4-52C004C2178A}.Debug_DLL|x86.ActiveCfg = Debug_DLL|Win32
		{5EC7C796-CBA1-47C6-84C4-52C004C2178A}.Debug_DLL|x86.Build.0 = Debug_DLL|Win32
		{5EC7C796-CBA1-47C6-84C4-52C004C2178A}.Debug|x64.ActiveCfg = Debug_DLL|x64
		{5EC7C796-CBA1-47C6-84C4-52C004C2178A}.Debug|x64.Build.0 = Debug_DLL|x64
		{5EC7C796-CBA1-47C6-84C4-52C004C2178A}.Debug|x86.ActiveCfg = Debug_DLL|Win32
		{5EC7C796-CBA1-47C6-84C4-52C004C2178A}.Debug|x86.Build.0 = Debug_DLL|Win32
		{5EC7C796-CBA1-47C6-84C4-52C004C2178A}.Release_DLL|x64.ActiveCfg = Release_DLL|x64
		{5EC7C796-CBA1-47C6-84C4-52C004C2178A}.Release_DLL|x64.Build.0 = Release_DLL|x64
		{5EC7C796-CBA1-47C6-84C4-52C004C2178A}.Release_DLL|x86.ActiveCfg = Release_DLL|Win32
		{5EC7C796-CBA1-47C6-84C4-52C004C2178A}.Release_DLL|x86.Build.0 = Release_DLL|Win32
		{5EC7C796-CBA1-47C6-84C4-52C004C2178A}.Release|x64.ActiveCfg = Release_DLL|x64
		{5EC7C796-CBA1-47C6-84C4-52C004C2178A}.Release|x64.Build.0 = Release_DLL|x64
		{5EC7C796-CBA1-47C6-84C4-52C004C2178A}.Release|x86.ActiveCfg = Release_DLL|Win32
		{5EC7C796-CBA1-47C6-84C4-52C004C2178A}.Release|x86.Build.0 = Release_DLL|Win32
		{E2C3CB69-BE9C-4C34-85CB-2CD5240AFAD4}.Debug_DLL|x64.ActiveCfg = Debug_DLL|x64
		{E2C3CB69-BE9C-4C34-85CB-2CD5240AFAD4}.Debug_DLL|x64.Build.0 = Debug_DLL|x64
		{E2C3CB69-BE9C-4C34-85CB-2CD5240AFAD4}.Debug_DLL|x86.ActiveCfg = Debug_DLL|Win32
		{E2C3CB69-BE9C-4C34-85CB-2CD5240AFAD4}.Debug_DLL|x86.Build.0 = Debug_DLL|Win32
		{E2C3CB69-BE9C-4C34-85CB-2CD5240AFAD4}.Debug|x64.ActiveCfg = Debug_DLL|x64
		{E2C3CB69-BE9C-4C34-85CB-2CD5240AFAD4}.Debug|x64.Build.0 = Debug_DLL|x64
		{E2C3CB69-BE9C-4C34-85CB-2CD5240AFAD4}.Debug|x86.ActiveCfg = Debug_DLL|Win32
		{E2C3CB69-BE9C-4C34-85CB-2CD5240AFAD4}.Debug|x86.Build.0 = Debug_DLL|Win32
		{E2C3CB69-BE9C-4C34-85CB-2CD5240AFAD4}.Release_DLL|x64.ActiveCfg = Release_DLL|x64
		{E2C3CB69-BE9C-4C34-85CB-2CD5240AFAD4}.Release_DLL|x64.Build.0 = Release_DLL|x64
		{E2C3CB69-BE9C-4C34-85CB-2CD5240AFAD4}.Release_DLL|x86.ActiveCfg = Release_DLL|Win32
		{E2C3CB69-BE9C-4C34-85CB-2CD5240AFAD4}.Release_DLL|x86.Build.0 = Release_DLL|Win32
		{E2C3CB69-BE9C-4C34-85CB-2CD5240AFAD4}.Release|x64.ActiveCfg = Release_DLL|x64
		{E2C3CB69-BE9C-4C34-85CB-2CD5240AFAD4}.Release|x64.Build.0 = Release_DLL|x64
		{E2C3CB69-BE9C-4C34-85CB-2CD5240AFAD4}.Release|x86.ActiveCfg = Release_DLL|Win32
		{E2C3CB69-BE9C-4C34-85CB-2CD5240AFAD4}.Release|x86.Build.0 = Release_DLL|Win32
		{F29B1B0B-6AAA-4711-8D35-5FEAE6068CB2}.Debug_DLL|x64.ActiveCfg = Debug_DLL|x64
		{F29B1B0B-6AAA-4711-8D35-5FEAE6068CB2}.Debug_DLL|x64.Build.0 = Debug_DLL|x64
		{F29B1B0B-6AAA-4711-8D35-5FEAE6068CB2}.Debug_DLL|x86.ActiveCfg = Debug_DLL|Win32
		{F29B1B0B-6AAA-4711-8D35-5FEAE6068CB2}.Debug_DLL|x86.Build.0 = Debug_DLL|Win32
		{F29B1B0B-6AAA-4711-8D35-5FEAE6068CB2}.Debug|x64.ActiveCfg = Debug_DLL|x64
		{F29B1B0B-6AAA-4711-8D35-5FEAE6068CB2}.Debug|x64.Build.0 = Debug_DLL|x64
		{F29B1B0B-6AAA-4711-8D35-5FEAE6068CB2}.Debug|x86.ActiveCfg = Debug_DLL|Win32
		{F29B1B0B-6AAA-4711-8D35-5FEAE6068CB2}.Debug|x86.Build.0 = Debug_DLL|Win32
		{F29B1B0B-6AAA-4711-8D35-5FEAE6068CB2}.Release_DLL|x64.ActiveCfg = Release_DLL|x64
		{F29B1B0B-6AAA-4711-8D35-5FEAE6068CB2}.Release_DLL|x64.Build.0 = Release_DLL|x64
		{F29B1B0B-6AAA-4711-8D35-5FEAE6068CB2}.Release_DLL|x86.ActiveCfg = Release_DLL|Win32
		{F29B1B0B-6AAA-4711-8D35-5FEAE6068CB2}.Release_DLL|x86.Build.0 = Release_DLL|Win32
		{F29B1B0B-6AAA-4711-8D35-5FEAE6068CB2}.Release|x64.ActiveCfg = Release_DLL|x64
		{F29B1B0B-6AAA-4711-8D35-5FEAE6068CB2}.Release|x64.Build.0 = Release_DLL|x64
		{F29B1B0B-6AAA-4711-8D35-5FEAE6068CB2}.Release|x86.ActiveCfg = Release_DLL|Win32
		{F29B1B0B-6AAA-4711-8D35-5FEAE6068CB2}.Release|x86.Build.0 = Release_DLL|Win32
	EndGlobalSection
	GlobalSection(SolutionProperties) = preSolution
		HideSolutionNode = FALSE
	EndGlobalSection
	GlobalSection(ExtensibilityGlobals) = postSolution
		SolutionGuid = {9AFCB7E4-2E85-4C37-80DB-E4BE03FDFFBA}
	EndGlobalSection
EndGlobal
